
Microsoft Visual Studio Solution File, Format Version 12.00
# Visual Studio Version 16
VisualStudioVersion = 16.0.32510.428
MinimumVisualStudioVersion = 10.0.40219.1
Project("{FAE04EC0-301F-11D3-BF4B-00C04F79EFBC}") = "OpenLibrary.Prenstation", "WindowsFormsApp1\OpenLibrary.Prenstation.csproj", "{4D7723AE-F1EB-4D8A-8176-3D96F80D2E19}"
EndProject
Project("{FAE04EC0-301F-11D3-BF4B-00C04F79EFBC}") = "OpenLibrary.Bussiness", "OpenLibrary.Bussiness\OpenLibrary.Bussiness.csproj", "{A353B543-33AF-4121-B926-F69882BA7848}"
EndProject
Project("{FAE04EC0-301F-11D3-BF4B-00C04F79EFBC}") = "OpenLibrary.DataAccess", "OpenLibrary.DataAccess\OpenLibrary.DataAccess.csproj", "{19AD8F4C-7FDA-4856-B73B-907DD0BF0BB1}"
EndProject
Global
	GlobalSection(SolutionConfigurationPlatforms) = preSolution
		Debug|Any CPU = Debug|Any CPU
		Release|Any CPU = Release|Any CPU
	EndGlobalSection
	GlobalSection(ProjectConfigurationPlatforms) = postSolution
		{4D7723AE-F1EB-4D8A-8176-3D96F80D2E19}.Debug|Any CPU.ActiveCfg = Debug|Any CPU
		{4D7723AE-F1EB-4D8A-8176-3D96F80D2E19}.Debug|Any CPU.Build.0 = Debug|Any CPU
		{4D7723AE-F1EB-4D8A-8176-3D96F80D2E19}.Release|Any CPU.ActiveCfg = Release|Any CPU
		{4D7723AE-F1EB-4D8A-8176-3D96F80D2E19}.Release|Any CPU.Build.0 = Release|Any CPU
		{A353B543-33AF-4121-B926-F69882BA7848}.Debug|Any CPU.ActiveCfg = Debug|Any CPU
		{A353B543-33AF-4121-B926-F69882BA7848}.Debug|Any CPU.Build.0 = Debug|Any CPU
		{A353B543-33AF-4121-B926-F69882BA7848}.Release|Any CPU.ActiveCfg = Release|Any CPU
		{A353B543-33AF-4121-B926-F69882BA7848}.Release|Any CPU.Build.0 = Release|Any CPU
		{19AD8F4C-7FDA-4856-B73B-907DD0BF0BB1}.Debug|Any CPU.ActiveCfg = Debug|Any CPU
		{19AD8F4C-7FDA-4856-B73B-907DD0BF0BB1}.Debug|Any CPU.Build.0 = Debug|Any CPU
		{19AD8F4C-7FDA-4856-B73B-907DD0BF0BB1}.Release|Any CPU.ActiveCfg = Release|Any CPU
		{19AD8F4C-7FDA-4856-B73B-907DD0BF0BB1}.Release|Any CPU.Build.0 = Release|Any CPU
	EndGlobalSection
	GlobalSection(SolutionProperties) = preSolution
		HideSolutionNode = FALSE
	EndGlobalSection
	GlobalSection(ExtensibilityGlobals) = postSolution
		SolutionGuid = {C38C48A9-9E62-42AC-9369-3841579F0DB0}
	EndGlobalSection
EndGlobal
